// !$*UTF8*$!
{
	archiveVersion = 1;
	classes = {
	};
	objectVersion = 46;
	objects = {

/* Begin PBXBuildFile section */
		0419FC561B1E875A000410B4 /* main.m in Sources */ = {isa = PBXBuildFile; fileRef = 0419FC551B1E875A000410B4 /* main.m */; };
		0419FC591B1E875A000410B4 /* AppDelegate.m in Sources */ = {isa = PBXBuildFile; fileRef = 0419FC581B1E875A000410B4 /* AppDelegate.m */; };
		0419FC5C1B1E875A000410B4 /* ViewController.m in Sources */ = {isa = PBXBuildFile; fileRef = 0419FC5B1B1E875A000410B4 /* ViewController.m */; };
		0419FC5F1B1E875A000410B4 /* Main.storyboard in Resources */ = {isa = PBXBuildFile; fileRef = 0419FC5D1B1E875A000410B4 /* Main.storyboard */; };
		0419FC611B1E875A000410B4 /* Images.xcassets in Resources */ = {isa = PBXBuildFile; fileRef = 0419FC601B1E875A000410B4 /* Images.xcassets */; };
		0419FC641B1E875A000410B4 /* LaunchScreen.xib in Resources */ = {isa = PBXBuildFile; fileRef = 0419FC621B1E875A000410B4 /* LaunchScreen.xib */; };
		0419FC701B1E875A000410B4 /* PathAnimationTests.m in Sources */ = {isa = PBXBuildFile; fileRef = 0419FC6F1B1E875A000410B4 /* PathAnimationTests.m */; };
		0419FC8D1B1EDC0B000410B4 /* UIButton+MSPathAnimation.m in Sources */ = {isa = PBXBuildFile; fileRef = 0419FC8C1B1EDC0B000410B4 /* UIButton+MSPathAnimation.m */; };
		042E82071B202C3D00583C6B /* BtnAnimationView.m in Sources */ = {isa = PBXBuildFile; fileRef = 042E82061B202C3D00583C6B /* BtnAnimationView.m */; };
		042E820A1B202D5100583C6B /* UITableView+MSWave.m in Sources */ = {isa = PBXBuildFile; fileRef = 042E82091B202D5100583C6B /* UITableView+MSWave.m */; };
/* End PBXBuildFile section */

/* Begin PBXContainerItemProxy section */
		0419FC6A1B1E875A000410B4 /* PBXContainerItemProxy */ = {
			isa = PBXContainerItemProxy;
			containerPortal = 0419FC481B1E875A000410B4 /* Project object */;
			proxyType = 1;
			remoteGlobalIDString = 0419FC4F1B1E875A000410B4;
			remoteInfo = PathAnimation;
		};
/* End PBXContainerItemProxy section */

/* Begin PBXFileReference section */
		0419FC501B1E875A000410B4 /* PathAnimation.app */ = {isa = PBXFileReference; explicitFileType = wrapper.application; includeInIndex = 0; path = PathAnimation.app; sourceTree = BUILT_PRODUCTS_DIR; };
		0419FC541B1E875A000410B4 /* Info.plist */ = {isa = PBXFileReference; lastKnownFileType = text.plist.xml; path = Info.plist; sourceTree = "<group>"; };
		0419FC551B1E875A000410B4 /* main.m */ = {isa = PBXFileReference; lastKnownFileType = sourcecode.c.objc; path = main.m; sourceTree = "<group>"; };
		0419FC571B1E875A000410B4 /* AppDelegate.h */ = {isa = PBXFileReference; lastKnownFileType = sourcecode.c.h; path = AppDelegate.h; sourceTree = "<group>"; };
		0419FC581B1E875A000410B4 /* AppDelegate.m */ = {isa = PBXFileReference; lastKnownFileType = sourcecode.c.objc; path = AppDelegate.m; sourceTree = "<group>"; };
		0419FC5A1B1E875A000410B4 /* ViewController.h */ = {isa = PBXFileReference; lastKnownFileType = sourcecode.c.h; path = ViewController.h; sourceTree = "<group>"; };
		0419FC5B1B1E875A000410B4 /* ViewController.m */ = {isa = PBXFileReference; lastKnownFileType = sourcecode.c.objc; path = ViewController.m; sourceTree = "<group>"; };
		0419FC5E1B1E875A000410B4 /* Base */ = {isa = PBXFileReference; lastKnownFileType = file.storyboard; name = Base; path = Base.lproj/Main.storyboard; sourceTree = "<group>"; };
		0419FC601B1E875A000410B4 /* Images.xcassets */ = {isa = PBXFileReference; lastKnownFileType = folder.assetcatalog; path = Images.xcassets; sourceTree = "<group>"; };
		0419FC631B1E875A000410B4 /* Base */ = {isa = PBXFileReference; lastKnownFileType = file.xib; name = Base; path = Base.lproj/LaunchScreen.xib; sourceTree = "<group>"; };
		0419FC691B1E875A000410B4 /* PathAnimationTests.xctest */ = {isa = PBXFileReference; explicitFileType = wrapper.cfbundle; includeInIndex = 0; path = PathAnimationTests.xctest; sourceTree = BUILT_PRODUCTS_DIR; };
		0419FC6E1B1E875A000410B4 /* Info.plist */ = {isa = PBXFileReference; lastKnownFileType = text.plist.xml; path = Info.plist; sourceTree = "<group>"; };
		0419FC6F1B1E875A000410B4 /* PathAnimationTests.m */ = {isa = PBXFileReference; lastKnownFileType = sourcecode.c.objc; path = PathAnimationTests.m; sourceTree = "<group>"; };
		0419FC8B1B1EDC0B000410B4 /* UIButton+MSPathAnimation.h */ = {isa = PBXFileReference; fileEncoding = 4; lastKnownFileType = sourcecode.c.h; path = "UIButton+MSPathAnimation.h"; sourceTree = "<group>"; };
		0419FC8C1B1EDC0B000410B4 /* UIButton+MSPathAnimation.m */ = {isa = PBXFileReference; fileEncoding = 4; lastKnownFileType = sourcecode.c.objc; path = "UIButton+MSPathAnimation.m"; sourceTree = "<group>"; };
		042E82051B202C3D00583C6B /* BtnAnimationView.h */ = {isa = PBXFileReference; fileEncoding = 4; lastKnownFileType = sourcecode.c.h; path = BtnAnimationView.h; sourceTree = "<group>"; };
		042E82061B202C3D00583C6B /* BtnAnimationView.m */ = {isa = PBXFileReference; fileEncoding = 4; lastKnownFileType = sourcecode.c.objc; path = BtnAnimationView.m; sourceTree = "<group>"; };
		042E82081B202D5100583C6B /* UITableView+MSWave.h */ = {isa = PBXFileReference; fileEncoding = 4; lastKnownFileType = sourcecode.c.h; path = "UITableView+MSWave.h"; sourceTree = "<group>"; };
		042E82091B202D5100583C6B /* UITableView+MSWave.m */ = {isa = PBXFileReference; fileEncoding = 4; lastKnownFileType = sourcecode.c.objc; path = "UITableView+MSWave.m"; sourceTree = "<group>"; };
/* End PBXFileReference section */

/* Begin PBXFrameworksBuildPhase section */
		0419FC4D1B1E875A000410B4 /* Frameworks */ = {
			isa = PBXFrameworksBuildPhase;
			buildActionMask = 2147483647;
			files = (
			);
			runOnlyForDeploymentPostprocessing = 0;
		};
		0419FC661B1E875A000410B4 /* Frameworks */ = {
			isa = PBXFrameworksBuildPhase;
			buildActionMask = 2147483647;
			files = (
			);
			runOnlyForDeploymentPostprocessing = 0;
		};
/* End PBXFrameworksBuildPhase section */

/* Begin PBXGroup section */
		0419FC471B1E875A000410B4 = {
			isa = PBXGroup;
			children = (
				0419FC521B1E875A000410B4 /* PathAnimation */,
				0419FC6C1B1E875A000410B4 /* PathAnimationTests */,
				0419FC511B1E875A000410B4 /* Products */,
			);
			sourceTree = "<group>";
		};
		0419FC511B1E875A000410B4 /* Products */ = {
			isa = PBXGroup;
			children = (
				0419FC501B1E875A000410B4 /* PathAnimation.app */,
				0419FC691B1E875A000410B4 /* PathAnimationTests.xctest */,
			);
			name = Products;
			sourceTree = "<group>";
		};
		0419FC521B1E875A000410B4 /* PathAnimation */ = {
			isa = PBXGroup;
			children = (
				0419FC571B1E875A000410B4 /* AppDelegate.h */,
				0419FC581B1E875A000410B4 /* AppDelegate.m */,
				0419FC5A1B1E875A000410B4 /* ViewController.h */,
				0419FC5B1B1E875A000410B4 /* ViewController.m */,
				042E82081B202D5100583C6B /* UITableView+MSWave.h */,
				042E82091B202D5100583C6B /* UITableView+MSWave.m */,
				042E82051B202C3D00583C6B /* BtnAnimationView.h */,
				042E82061B202C3D00583C6B /* BtnAnimationView.m */,
				0419FC8B1B1EDC0B000410B4 /* UIButton+MSPathAnimation.h */,
				0419FC8C1B1EDC0B000410B4 /* UIButton+MSPathAnimation.m */,
				0419FC5D1B1E875A000410B4 /* Main.storyboard */,
				0419FC601B1E875A000410B4 /* Images.xcassets */,
				0419FC621B1E875A000410B4 /* LaunchScreen.xib */,
				0419FC531B1E875A000410B4 /* Supporting Files */,
			);
			path = PathAnimation;
			sourceTree = "<group>";
		};
		0419FC531B1E875A000410B4 /* Supporting Files */ = {
			isa = PBXGroup;
			children = (
				0419FC541B1E875A000410B4 /* Info.plist */,
				0419FC551B1E875A000410B4 /* main.m */,
			);
			name = "Supporting Files";
			sourceTree = "<group>";
		};
		0419FC6C1B1E875A000410B4 /* PathAnimationTests */ = {
			isa = PBXGroup;
			children = (
				0419FC6F1B1E875A000410B4 /* PathAnimationTests.m */,
				0419FC6D1B1E875A000410B4 /* Supporting Files */,
			);
			path = PathAnimationTests;
			sourceTree = "<group>";
		};
		0419FC6D1B1E875A000410B4 /* Supporting Files */ = {
			isa = PBXGroup;
			children = (
				0419FC6E1B1E875A000410B4 /* Info.plist */,
			);
			name = "Supporting Files";
			sourceTree = "<group>";
		};
/* End PBXGroup section */

/* Begin PBXNativeTarget section */
		0419FC4F1B1E875A000410B4 /* PathAnimation */ = {
			isa = PBXNativeTarget;
			buildConfigurationList = 0419FC731B1E875A000410B4 /* Build configuration list for PBXNativeTarget "PathAnimation" */;
			buildPhases = (
				0419FC4C1B1E875A000410B4 /* Sources */,
				0419FC4D1B1E875A000410B4 /* Frameworks */,
				0419FC4E1B1E875A000410B4 /* Resources */,
			);
			buildRules = (
			);
			dependencies = (
			);
			name = PathAnimation;
			productName = PathAnimation;
			productReference = 0419FC501B1E875A000410B4 /* PathAnimation.app */;
			productType = "com.apple.product-type.application";
		};
		0419FC681B1E875A000410B4 /* PathAnimationTests */ = {
			isa = PBXNativeTarget;
			buildConfigurationList = 0419FC761B1E875A000410B4 /* Build configuration list for PBXNativeTarget "PathAnimationTests" */;
			buildPhases = (
				0419FC651B1E875A000410B4 /* Sources */,
				0419FC661B1E875A000410B4 /* Frameworks */,
				0419FC671B1E875A000410B4 /* Resources */,
			);
			buildRules = (
			);
			dependencies = (
				0419FC6B1B1E875A000410B4 /* PBXTargetDependency */,
			);
			name = PathAnimationTests;
			productName = PathAnimationTests;
			productReference = 0419FC691B1E875A000410B4 /* PathAnimationTests.xctest */;
			productType = "com.apple.product-type.bundle.unit-test";
		};
/* End PBXNativeTarget section */

/* Begin PBXProject section */
		0419FC481B1E875A000410B4 /* Project object */ = {
			isa = PBXProject;
			attributes = {
				LastUpgradeCheck = 0630;
				ORGANIZATIONNAME = mac;
				TargetAttributes = {
					0419FC4F1B1E875A000410B4 = {
						CreatedOnToolsVersion = 6.3.1;
					};
					0419FC681B1E875A000410B4 = {
						CreatedOnToolsVersion = 6.3.1;
						TestTargetID = 0419FC4F1B1E875A000410B4;
					};
				};
			};
			buildConfigurationList = 0419FC4B1B1E875A000410B4 /* Build configuration list for PBXProject "PathAnimation" */;
			compatibilityVersion = "Xcode 3.2";
			developmentRegion = English;
			hasScannedForEncodings = 0;
			knownRegions = (
				en,
				Base,
			);
			mainGroup = 0419FC471B1E875A000410B4;
			productRefGroup = 0419FC511B1E875A000410B4 /* Products */;
			projectDirPath = "";
			projectRoot = "";
			targets = (
				0419FC4F1B1E875A000410B4 /* PathAnimation */,
				0419FC681B1E875A000410B4 /* PathAnimationTests */,
			);
		};
/* End PBXProject section */

/* Begin PBXResourcesBuildPhase section */
		0419FC4E1B1E875A000410B4 /* Resources */ = {
			isa = PBXResourcesBuildPhase;
			buildActionMask = 2147483647;
			files = (
				0419FC5F1B1E875A000410B4 /* Main.storyboard in Resources */,
				0419FC641B1E875A000410B4 /* LaunchScreen.xib in Resources */,
				0419FC611B1E875A000410B4 /* Images.xcassets in Resources */,
			);
			runOnlyForDeploymentPostprocessing = 0;
		};
		0419FC671B1E875A000410B4 /* Resources */ = {
			isa = PBXResourcesBuildPhase;
			buildActionMask = 2147483647;
			files = (
			);
			runOnlyForDeploymentPostprocessing = 0;
		};
/* End PBXResourcesBuildPhase section */

/* Begin PBXSourcesBuildPhase section */
		0419FC4C1B1E875A000410B4 /* Sources */ = {
			isa = PBXSourcesBuildPhase;
			buildActionMask = 2147483647;
			files = (
				0419FC5C1B1E875A000410B4 /* ViewController.m in Sources */,
				0419FC591B1E875A000410B4 /* AppDelegate.m in Sources */,
				0419FC561B1E875A000410B4 /* main.m in Sources */,
				042E82071B202C3D00583C6B /* BtnAnimationView.m in Sources */,
				042E820A1B202D5100583C6B /* UITableView+MSWave.m in Sources */,
				0419FC8D1B1EDC0B000410B4 /* UIButton+MSPathAnimation.m in Sources */,
			);
			runOnlyForDeploymentPostprocessing = 0;
		};
		0419FC651B1E875A000410B4 /* Sources */ = {
			isa = PBXSourcesBuildPhase;
			buildActionMask = 2147483647;
			files = (
				0419FC701B1E875A000410B4 /* PathAnimationTests.m in Sources */,
			);
			runOnlyForDeploymentPostprocessing = 0;
		};
/* End PBXSourcesBuildPhase section */

/* Begin PBXTargetDependency section */
		0419FC6B1B1E875A000410B4 /* PBXTargetDependency */ = {
			isa = PBXTargetDependency;
			target = 0419FC4F1B1E875A000410B4 /* PathAnimation */;
			targetProxy = 0419FC6A1B1E875A000410B4 /* PBXContainerItemProxy */;
		};
/* End PBXTargetDependency section */

/* Begin PBXVariantGroup section */
		0419FC5D1B1E875A000410B4 /* Main.storyboard */ = {
			isa = PBXVariantGroup;
			children = (
				0419FC5E1B1E875A000410B4 /* Base */,
			);
			name = Main.storyboard;
			sourceTree = "<group>";
		};
		0419FC621B1E875A000410B4 /* LaunchScreen.xib */ = {
			isa = PBXVariantGroup;
			children = (
				0419FC631B1E875A000410B4 /* Base */,
			);
			name = LaunchScreen.xib;
			sourceTree = "<group>";
		};
/* End PBXVariantGroup section */

/* Begin XCBuildConfiguration section */
		0419FC711B1E875A000410B4 /* Debug */ = {
			isa = XCBuildConfiguration;
			buildSettings = {
				ALWAYS_SEARCH_USER_PATHS = NO;
				CLANG_CXX_LANGUAGE_STANDARD = "gnu++0x";
				CLANG_CXX_LIBRARY = "libc++";
				CLANG_ENABLE_MODULES = YES;
				CLANG_ENABLE_OBJC_ARC = YES;
				CLANG_WARN_BOOL_CONVERSION = YES;
				CLANG_WARN_CONSTANT_CONVERSION = YES;
				CLANG_WARN_DIRECT_OBJC_ISA_USAGE = YES_ERROR;
				CLANG_WARN_EMPTY_BODY = YES;
				CLANG_WARN_ENUM_CONVERSION = YES;
				CLANG_WARN_INT_CONVERSION = YES;
				CLANG_WARN_OBJC_ROOT_CLASS = YES_ERROR;
				CLANG_WARN_UNREACHABLE_CODE = YES;
				CLANG_WARN__DUPLICATE_METHOD_MATCH = YES;
				"CODE_SIGN_IDENTITY[sdk=iphoneos*]" = "iPhone Developer";
				COPY_PHASE_STRIP = NO;
				DEBUG_INFORMATION_FORMAT = "dwarf-with-dsym";
				ENABLE_STRICT_OBJC_MSGSEND = YES;
				GCC_C_LANGUAGE_STANDARD = gnu99;
				GCC_DYNAMIC_NO_PIC = NO;
				GCC_NO_COMMON_BLOCKS = YES;
				GCC_OPTIMIZATION_LEVEL = 0;
				GCC_PREPROCESSOR_DEFINITIONS = (
					"DEBUG=1",
					"$(inherited)",
				);
				GCC_SYMBOLS_PRIVATE_EXTERN = NO;
				GCC_WARN_64_TO_32_BIT_CONVERSION = YES;
				GCC_WARN_ABOUT_RETURN_TYPE = YES_ERROR;
				GCC_WARN_UNDECLARED_SELECTOR = YES;
				GCC_WARN_UNINITIALIZED_AUTOS = YES_AGGRESSIVE;
				GCC_WARN_UNUSED_FUNCTION = YES;
				GCC_WARN_UNUSED_VARIABLE = YES;
				IPHONEOS_DEPLOYMENT_TARGET = 8.3;
				MTL_ENABLE_DEBUG_INFO = YES;
				ONLY_ACTIVE_ARCH = YES;
				SDKROOT = iphoneos;
			};
			name = Debug;
		};
		0419FC721B1E875A000410B4 /* Release */ = {
			isa = XCBuildConfiguration;
			buildSettings = {
				ALWAYS_SEARCH_USER_PATHS = NO;
				CLANG_CXX_LANGUAGE_STANDARD = "gnu++0x";
				CLANG_CXX_LIBRARY = "libc++";
				CLANG_ENABLE_MODULES = YES;
				CLANG_ENABLE_OBJC_ARC = YES;
				CLANG_WARN_BOOL_CONVERSION = YES;
				CLANG_WARN_CONSTANT_CONVERSION = YES;
				CLANG_WARN_DIRECT_OBJC_ISA_USAGE = YES_ERROR;
				CLANG_WARN_EMPTY_BODY = YES;
				CLANG_WARN_ENUM_CONVERSION = YES;
				CLANG_WARN_INT_CONVERSION = YES;
				CLANG_WARN_OBJC_ROOT_CLASS = YES_ERROR;
				CLANG_WARN_UNREACHABLE_CODE = YES;
				CLANG_WARN__DUPLICATE_METHOD_MATCH = YES;
				"CODE_SIGN_IDENTITY[sdk=iphoneos*]" = "iPhone Developer";
				COPY_PHASE_STRIP = NO;
				DEBUG_INFORMATION_FORMAT = "dwarf-with-dsym";
				ENABLE_NS_ASSERTIONS = NO;
				ENABLE_STRICT_OBJC_MSGSEND = YES;
				GCC_C_LANGUAGE_STANDARD = gnu99;
				GCC_NO_COMMON_BLOCKS = YES;
				GCC_WARN_64_TO_32_BIT_CONVERSION = YES;
				GCC_WARN_ABOUT_RETURN_TYPE = YES_ERROR;
				GCC_WARN_UNDECLARED_SELECTOR = YES;
				GCC_WARN_UNINITIALIZED_AUTOS = YES_AGGRESSIVE;
				GCC_WARN_UNUSED_FUNCTION = YES;
				GCC_WARN_UNUSED_VARIABLE = YES;
				IPHONEOS_DEPLOYMENT_TARGET = 8.3;
				MTL_ENABLE_DEBUG_INFO = NO;
				SDKROOT = iphoneos;
				VALIDATE_PRODUCT = YES;
			};
			name = Release;
		};
		0419FC741B1E875A000410B4 /* Debug */ = {
			isa = XCBuildConfiguration;
			buildSettings = {
				ASSETCATALOG_COMPILER_APPICON_NAME = AppIcon;
				INFOPLIST_FILE = PathAnimation/Info.plist;
				LD_RUNPATH_SEARCH_PATHS = "$(inherited) @executable_path/Frameworks";
				PRODUCT_NAME = "$(TARGET_NAME)";
			};
			name = Debug;
		};
		0419FC751B1E875A000410B4 /* Release */ = {
			isa = XCBuildConfiguration;
			buildSettings = {
				ASSETCATALOG_COMPILER_APPICON_NAME = AppIcon;
				INFOPLIST_FILE = PathAnimation/Info.plist;
				LD_RUNPATH_SEARCH_PATHS = "$(inherited) @executable_path/Frameworks";
				PRODUCT_NAME = "$(TARGET_NAME)";
			};
			name = Release;
		};
		0419FC771B1E875A000410B4 /* Debug */ = {
			isa = XCBuildConfiguration;
			buildSettings = {
				BUNDLE_LOADER = "$(TEST_HOST)";
				FRAMEWORK_SEARCH_PATHS = (
					"$(SDKROOT)/Developer/Library/Frameworks",
					"$(inherited)",
				);
				GCC_PREPROCESSOR_DEFINITIONS = (
					"DEBUG=1",
					"$(inherited)",
				);
				INFOPLIST_FILE = PathAnimationTests/Info.plist;
				LD_RUNPATH_SEARCH_PATHS = "$(inherited) @executable_path/Frameworks @loader_path/Frameworks";
				PRODUCT_NAME = "$(TARGET_NAME)";
				TEST_HOST = "$(BUILT_PRODUCTS_DIR)/PathAnimation.app/PathAnimation";
			};
			name = Debug;
		};
		0419FC781B1E875A000410B4 /* Release */ = {
			isa = XCBuildConfiguration;
			buildSettings = {
				BUNDLE_LOADER = "$(TEST_HOST)";
				FRAMEWORK_SEARCH_PATHS = (
					"$(SDKROOT)/Developer/Library/Frameworks",
					"$(inherited)",
				);
				INFOPLIST_FILE = PathAnimationTests/Info.plist;
				LD_RUNPATH_SEARCH_PATHS = "$(inherited) @executable_path/Frameworks @loader_path/Frameworks";
				PRODUCT_NAME = "$(TARGET_NAME)";
				TEST_HOST = "$(BUILT_PRODUCTS_DIR)/PathAnimation.app/PathAnimation";
			};
			name = Release;
		};
/* End XCBuildConfiguration section */

/* Begin XCConfigurationList section */
		0419FC4B1B1E875A000410B4 /* Build configuration list for PBXProject "PathAnimation" */ = {
			isa = XCConfigurationList;
			buildConfigurations = (
				0419FC711B1E875A000410B4 /* Debug */,
				0419FC721B1E875A000410B4 /* Release */,
			);
			defaultConfigurationIsVisible = 0;
			defaultConfigurationName = Release;
		};
		0419FC731B1E875A000410B4 /* Build configuration list for PBXNativeTarget "PathAnimation" */ = {
			isa = XCConfigurationList;
			buildConfigurations = (
				0419FC741B1E875A000410B4 /* Debug */,
				0419FC751B1E875A000410B4 /* Release */,
			);
			defaultConfigurationIsVisible = 0;
			defaultConfigurationName = Release;
		};
		0419FC761B1E875A000410B4 /* Build configuration list for PBXNativeTarget "PathAnimationTests" */ = {
			isa = XCConfigurationList;
			buildConfigurations = (
				0419FC771B1E875A000410B4 /* Debug */,
				0419FC781B1E875A000410B4 /* Release */,
			);
			defaultConfigurationIsVisible = 0;
			defaultConfigurationName = Release;
		};
/* End XCConfigurationList section */
	};
	rootObject = 0419FC481B1E875A000410B4 /* Project object */;
}
